
Microsoft Visual Studio Solution File, Format Version 12.00
# Visual Studio Version 17
VisualStudioVersion = 17.11.35222.181
MinimumVisualStudioVersion = 10.0.40219.1
Project("{FAE04EC0-301F-11D3-BF4B-00C04F79EFBC}") = "Image Utility", "Image Utility\Image Utility.csproj", "{76457D71-37B0-44EB-92A5-99B77952503D}"
EndProject
Global
	GlobalSection(SolutionConfigurationPlatforms) = preSolution
		Debug|Any CPU = Debug|Any CPU
		Release|Any CPU = Release|Any CPU
	EndGlobalSection
	GlobalSection(ProjectConfigurationPlatforms) = postSolution
		{76457D71-37B0-44EB-92A5-99B77952503D}.Debug|Any CPU.ActiveCfg = Debug|Any CPU
		{76457D71-37B0-44EB-92A5-99B77952503D}.Debug|Any CPU.Build.0 = Debug|Any CPU
		{76457D71-37B0-44EB-92A5-99B77952503D}.Release|Any CPU.ActiveCfg = Release|Any CPU
		{76457D71-37B0-44EB-92A5-99B77952503D}.Release|Any CPU.Build.0 = Release|Any CPU
	EndGlobalSection
	GlobalSection(SolutionProperties) = preSolution
		HideSolutionNode = FALSE
	EndGlobalSection
	GlobalSection(ExtensibilityGlobals) = postSolution
		SolutionGuid = {2AF250B6-2B98-41B7-B56E-ED5CC7BF44E6}
	EndGlobalSection
EndGlobal
